// !$*UTF8*$!
{
	archiveVersion = 1;
	classes = {
	};
	objectVersion = 46;
	objects = {

/* Begin PBXBuildFile section */
		33D75EC61D580B4500671D05 /* AppDelegate.swift in Sources */ = {isa = PBXBuildFile; fileRef = 33D75EC51D580B4500671D05 /* AppDelegate.swift */; };
		33D75EC81D580B4500671D05 /* ViewController.swift in Sources */ = {isa = PBXBuildFile; fileRef = 33D75EC71D580B4500671D05 /* ViewController.swift */; };
		33D75ECB1D580B4500671D05 /* Main.storyboard in Resources */ = {isa = PBXBuildFile; fileRef = 33D75EC91D580B4500671D05 /* Main.storyboard */; };
		33D75ECD1D580B4500671D05 /* Assets.xcassets in Resources */ = {isa = PBXBuildFile; fileRef = 33D75ECC1D580B4500671D05 /* Assets.xcassets */; };
		33D75ED01D580B4500671D05 /* LaunchScreen.storyboard in Resources */ = {isa = PBXBuildFile; fileRef = 33D75ECE1D580B4500671D05 /* LaunchScreen.storyboard */; };
		33D75ED81D580BB400671D05 /* TableViewController.swift in Sources */ = {isa = PBXBuildFile; fileRef = 33D75ED71D580BB400671D05 /* TableViewController.swift */; };
		33D75EDA1D580BE000671D05 /* TableViewCell.swift in Sources */ = {isa = PBXBuildFile; fileRef = 33D75ED91D580BE000671D05 /* TableViewCell.swift */; };
		CF137D601D58C94500CF53F9 /* 01_hello-terminal.mov in Resources */ = {isa = PBXBuildFile; fileRef = CF137D5F1D58C94500CF53F9 /* 01_hello-terminal.mov */; };
		CF137D641D58CA1C00CF53F9 /* 01_03-Working with challenges.mp4 in Resources */ = {isa = PBXBuildFile; fileRef = CF137D631D58CA1C00CF53F9 /* 01_03-Working with challenges.mp4 */; };
		CF137D661D58CA9B00CF53F9 /* 06_02-Next steps.mp4 in Resources */ = {isa = PBXBuildFile; fileRef = CF137D651D58CA9B00CF53F9 /* 06_02-Next steps.mp4 */; };
		CF137D681D58CABF00CF53F9 /* 101554_00_02_SC11_background.mov in Resources */ = {isa = PBXBuildFile; fileRef = CF137D671D58CABF00CF53F9 /* 101554_00_02_SC11_background.mov */; };
		CF137D6A1D58CB0200CF53F9 /* 00_03-ExerciseFiles.mp4 in Resources */ = {isa = PBXBuildFile; fileRef = CF137D691D58CB0200CF53F9 /* 00_03-ExerciseFiles.mp4 */; };
/* End PBXBuildFile section */

/* Begin PBXFileReference section */
		33D75EC21D580B4500671D05 /* ListasVideo.app */ = {isa = PBXFileReference; explicitFileType = wrapper.application; includeInIndex = 0; path = ListasVideo.app; sourceTree = BUILT_PRODUCTS_DIR; };
		33D75EC51D580B4500671D05 /* AppDelegate.swift */ = {isa = PBXFileReference; lastKnownFileType = sourcecode.swift; path = AppDelegate.swift; sourceTree = "<group>"; };
		33D75EC71D580B4500671D05 /* ViewController.swift */ = {isa = PBXFileReference; lastKnownFileType = sourcecode.swift; path = ViewController.swift; sourceTree = "<group>"; };
		33D75ECA1D580B4500671D05 /* Base */ = {isa = PBXFileReference; lastKnownFileType = file.storyboard; name = Base; path = Base.lproj/Main.storyboard; sourceTree = "<group>"; };
		33D75ECC1D580B4500671D05 /* Assets.xcassets */ = {isa = PBXFileReference; lastKnownFileType = folder.assetcatalog; path = Assets.xcassets; sourceTree = "<group>"; };
		33D75ECF1D580B4500671D05 /* Base */ = {isa = PBXFileReference; lastKnownFileType = file.storyboard; name = Base; path = Base.lproj/LaunchScreen.storyboard; sourceTree = "<group>"; };
		33D75ED11D580B4500671D05 /* Info.plist */ = {isa = PBXFileReference; lastKnownFileType = text.plist.xml; path = Info.plist; sourceTree = "<group>"; };
		33D75ED71D580BB400671D05 /* TableViewController.swift */ = {isa = PBXFileReference; fileEncoding = 4; lastKnownFileType = sourcecode.swift; path = TableViewController.swift; sourceTree = "<group>"; };
		33D75ED91D580BE000671D05 /* TableViewCell.swift */ = {isa = PBXFileReference; fileEncoding = 4; lastKnownFileType = sourcecode.swift; path = TableViewCell.swift; sourceTree = "<group>"; };
		CF137D5F1D58C94500CF53F9 /* 01_hello-terminal.mov */ = {isa = PBXFileReference; lastKnownFileType = video.quicktime; path = "01_hello-terminal.mov"; sourceTree = "<group>"; };
		CF137D631D58CA1C00CF53F9 /* 01_03-Working with challenges.mp4 */ = {isa = PBXFileReference; lastKnownFileType = file; path = "01_03-Working with challenges.mp4"; sourceTree = "<group>"; };
		CF137D651D58CA9B00CF53F9 /* 06_02-Next steps.mp4 */ = {isa = PBXFileReference; lastKnownFileType = file; path = "06_02-Next steps.mp4"; sourceTree = "<group>"; };
		CF137D671D58CABF00CF53F9 /* 101554_00_02_SC11_background.mov */ = {isa = PBXFileReference; lastKnownFileType = video.quicktime; path = 101554_00_02_SC11_background.mov; sourceTree = "<group>"; };
		CF137D691D58CB0200CF53F9 /* 00_03-ExerciseFiles.mp4 */ = {isa = PBXFileReference; lastKnownFileType = file; path = "00_03-ExerciseFiles.mp4"; sourceTree = "<group>"; };
/* End PBXFileReference section */

/* Begin PBXFrameworksBuildPhase section */
		33D75EBF1D580B4500671D05 /* Frameworks */ = {
			isa = PBXFrameworksBuildPhase;
			buildActionMask = 2147483647;
			files = (
			);
			runOnlyForDeploymentPostprocessing = 0;
		};
/* End PBXFrameworksBuildPhase section */

/* Begin PBXGroup section */
		33D75EB91D580B4500671D05 = {
			isa = PBXGroup;
			children = (
				33D75EC41D580B4500671D05 /* ListasVideo */,
				33D75EC31D580B4500671D05 /* Products */,
			);
			sourceTree = "<group>";
		};
		33D75EC31D580B4500671D05 /* Products */ = {
			isa = PBXGroup;
			children = (
				33D75EC21D580B4500671D05 /* ListasVideo.app */,
			);
			name = Products;
			sourceTree = "<group>";
		};
		33D75EC41D580B4500671D05 /* ListasVideo */ = {
			isa = PBXGroup;
			children = (
				CF137D5F1D58C94500CF53F9 /* 01_hello-terminal.mov */,
				CF137D631D58CA1C00CF53F9 /* 01_03-Working with challenges.mp4 */,
				CF137D671D58CABF00CF53F9 /* 101554_00_02_SC11_background.mov */,
				CF137D651D58CA9B00CF53F9 /* 06_02-Next steps.mp4 */,
				CF137D691D58CB0200CF53F9 /* 00_03-ExerciseFiles.mp4 */,
				33D75EC51D580B4500671D05 /* AppDelegate.swift */,
				33D75EC71D580B4500671D05 /* ViewController.swift */,
				33D75EC91D580B4500671D05 /* Main.storyboard */,
				33D75ED71D580BB400671D05 /* TableViewController.swift */,
				33D75ECC1D580B4500671D05 /* Assets.xcassets */,
				33D75ECE1D580B4500671D05 /* LaunchScreen.storyboard */,
				33D75ED11D580B4500671D05 /* Info.plist */,
				33D75ED91D580BE000671D05 /* TableViewCell.swift */,
			);
			path = ListasVideo;
			sourceTree = "<group>";
		};
/* End PBXGroup section */

/* Begin PBXNativeTarget section */
		33D75EC11D580B4500671D05 /* ListasVideo */ = {
			isa = PBXNativeTarget;
			buildConfigurationList = 33D75ED41D580B4500671D05 /* Build configuration list for PBXNativeTarget "ListasVideo" */;
			buildPhases = (
				33D75EBE1D580B4500671D05 /* Sources */,
				33D75EBF1D580B4500671D05 /* Frameworks */,
				33D75EC01D580B4500671D05 /* Resources */,
			);
			buildRules = (
			);
			dependencies = (
			);
			name = ListasVideo;
			productName = ListasVideo;
			productReference = 33D75EC21D580B4500671D05 /* ListasVideo.app */;
			productType = "com.apple.product-type.application";
		};
/* End PBXNativeTarget section */

/* Begin PBXProject section */
		33D75EBA1D580B4500671D05 /* Project object */ = {
			isa = PBXProject;
			attributes = {
				LastSwiftUpdateCheck = 0720;
				LastUpgradeCheck = 0720;
				ORGANIZATIONNAME = calyr;
				TargetAttributes = {
					33D75EC11D580B4500671D05 = {
						CreatedOnToolsVersion = 7.2.1;
					};
				};
			};
			buildConfigurationList = 33D75EBD1D580B4500671D05 /* Build configuration list for PBXProject "ListasVideo" */;
			compatibilityVersion = "Xcode 3.2";
			developmentRegion = English;
			hasScannedForEncodings = 0;
			knownRegions = (
				en,
				Base,
			);
			mainGroup = 33D75EB91D580B4500671D05;
			productRefGroup = 33D75EC31D580B4500671D05 /* Products */;
			projectDirPath = "";
			projectRoot = "";
			targets = (
				33D75EC11D580B4500671D05 /* ListasVideo */,
			);
		};
/* End PBXProject section */

/* Begin PBXResourcesBuildPhase section */
		33D75EC01D580B4500671D05 /* Resources */ = {
			isa = PBXResourcesBuildPhase;
			buildActionMask = 2147483647;
			files = (
				CF137D6A1D58CB0200CF53F9 /* 00_03-ExerciseFiles.mp4 in Resources */,
				33D75ED01D580B4500671D05 /* LaunchScreen.storyboard in Resources */,
				CF137D681D58CABF00CF53F9 /* 101554_00_02_SC11_background.mov in Resources */,
				CF137D601D58C94500CF53F9 /* 01_hello-terminal.mov in Resources */,
				CF137D641D58CA1C00CF53F9 /* 01_03-Working with challenges.mp4 in Resources */,
				CF137D661D58CA9B00CF53F9 /* 06_02-Next steps.mp4 in Resources */,
				33D75ECD1D580B4500671D05 /* Assets.xcassets in Resources */,
				33D75ECB1D580B4500671D05 /* Main.storyboard in Resources */,
			);
			runOnlyForDeploymentPostprocessing = 0;
		};
/* End PBXResourcesBuildPhase section */

/* Begin PBXSourcesBuildPhase section */
		33D75EBE1D580B4500671D05 /* Sources */ = {
			isa = PBXSourcesBuildPhase;
			buildActionMask = 2147483647;
			files = (
				33D75EC81D580B4500671D05 /* ViewController.swift in Sources */,
				33D75EDA1D580BE000671D05 /* TableViewCell.swift in Sources */,
				33D75ED81D580BB400671D05 /* TableViewController.swift in Sources */,
				33D75EC61D580B4500671D05 /* AppDelegate.swift in Sources */,
			);
			runOnlyForDeploymentPostprocessing = 0;
		};
/* End PBXSourcesBuildPhase section */

/* Begin PBXVariantGroup section */
		33D75EC91D580B4500671D05 /* Main.storyboard */ = {
			isa = PBXVariantGroup;
			children = (
				33D75ECA1D580B4500671D05 /* Base */,
			);
			name = Main.storyboard;
			sourceTree = "<group>";
		};
		33D75ECE1D580B4500671D05 /* LaunchScreen.storyboard */ = {
			isa = PBXVariantGroup;
			children = (
				33D75ECF1D580B4500671D05 /* Base */,
			);
			name = LaunchScreen.storyboard;
			sourceTree = "<group>";
		};
/* End PBXVariantGroup section */

/* Begin XCBuildConfiguration section */
		33D75ED21D580B4500671D05 /* Debug */ = {
			isa = XCBuildConfiguration;
			buildSettings = {
				ALWAYS_SEARCH_USER_PATHS = NO;
				CLANG_CXX_LANGUAGE_STANDARD = "gnu++0x";
				CLANG_CXX_LIBRARY = "libc++";
				CLANG_ENABLE_MODULES = YES;
				CLANG_ENABLE_OBJC_ARC = YES;
				CLANG_WARN_BOOL_CONVERSION = YES;
				CLANG_WARN_CONSTANT_CONVERSION = YES;
				CLANG_WARN_DIRECT_OBJC_ISA_USAGE = YES_ERROR;
				CLANG_WARN_EMPTY_BODY = YES;
				CLANG_WARN_ENUM_CONVERSION = YES;
				CLANG_WARN_INT_CONVERSION = YES;
				CLANG_WARN_OBJC_ROOT_CLASS = YES_ERROR;
				CLANG_WARN_UNREACHABLE_CODE = YES;
				CLANG_WARN__DUPLICATE_METHOD_MATCH = YES;
				"CODE_SIGN_IDENTITY[sdk=iphoneos*]" = "iPhone Developer";
				COPY_PHASE_STRIP = NO;
				DEBUG_INFORMATION_FORMAT = dwarf;
				ENABLE_STRICT_OBJC_MSGSEND = YES;
				ENABLE_TESTABILITY = YES;
				GCC_C_LANGUAGE_STANDARD = gnu99;
				GCC_DYNAMIC_NO_PIC = NO;
				GCC_NO_COMMON_BLOCKS = YES;
				GCC_OPTIMIZATION_LEVEL = 0;
				GCC_PREPROCESSOR_DEFINITIONS = (
					"DEBUG=1",
					"$(inherited)",
				);
				GCC_WARN_64_TO_32_BIT_CONVERSION = YES;
				GCC_WARN_ABOUT_RETURN_TYPE = YES_ERROR;
				GCC_WARN_UNDECLARED_SELECTOR = YES;
				GCC_WARN_UNINITIALIZED_AUTOS = YES_AGGRESSIVE;
				GCC_WARN_UNUSED_FUNCTION = YES;
				GCC_WARN_UNUSED_VARIABLE = YES;
				IPHONEOS_DEPLOYMENT_TARGET = 9.2;
				MTL_ENABLE_DEBUG_INFO = YES;
				ONLY_ACTIVE_ARCH = YES;
				SDKROOT = iphoneos;
				SWIFT_OPTIMIZATION_LEVEL = "-Onone";
			};
			name = Debug;
		};
		33D75ED31D580B4500671D05 /* Release */ = {
			isa = XCBuildConfiguration;
			buildSettings = {
				ALWAYS_SEARCH_USER_PATHS = NO;
				CLANG_CXX_LANGUAGE_STANDARD = "gnu++0x";
				CLANG_CXX_LIBRARY = "libc++";
				CLANG_ENABLE_MODULES = YES;
				CLANG_ENABLE_OBJC_ARC = YES;
				CLANG_WARN_BOOL_CONVERSION = YES;
				CLANG_WARN_CONSTANT_CONVERSION = YES;
				CLANG_WARN_DIRECT_OBJC_ISA_USAGE = YES_ERROR;
				CLANG_WARN_EMPTY_BODY = YES;
				CLANG_WARN_ENUM_CONVERSION = YES;
				CLANG_WARN_INT_CONVERSION = YES;
				CLANG_WARN_OBJC_ROOT_CLASS = YES_ERROR;
				CLANG_WARN_UNREACHABLE_CODE = YES;
				CLANG_WARN__DUPLICATE_METHOD_MATCH = YES;
				"CODE_SIGN_IDENTITY[sdk=iphoneos*]" = "iPhone Developer";
				COPY_PHASE_STRIP = NO;
				DEBUG_INFORMATION_FORMAT = "dwarf-with-dsym";
				ENABLE_NS_ASSERTIONS = NO;
				ENABLE_STRICT_OBJC_MSGSEND = YES;
				GCC_C_LANGUAGE_STANDARD = gnu99;
				GCC_NO_COMMON_BLOCKS = YES;
				GCC_WARN_64_TO_32_BIT_CONVERSION = YES;
				GCC_WARN_ABOUT_RETURN_TYPE = YES_ERROR;
				GCC_WARN_UNDECLARED_SELECTOR = YES;
				GCC_WARN_UNINITIALIZED_AUTOS = YES_AGGRESSIVE;
				GCC_WARN_UNUSED_FUNCTION = YES;
				GCC_WARN_UNUSED_VARIABLE = YES;
				IPHONEOS_DEPLOYMENT_TARGET = 9.2;
				MTL_ENABLE_DEBUG_INFO = NO;
				SDKROOT = iphoneos;
				VALIDATE_PRODUCT = YES;
			};
			name = Release;
		};
		33D75ED51D580B4500671D05 /* Debug */ = {
			isa = XCBuildConfiguration;
			buildSettings = {
				ASSETCATALOG_COMPILER_APPICON_NAME = AppIcon;
				INFOPLIST_FILE = ListasVideo/Info.plist;
				LD_RUNPATH_SEARCH_PATHS = "$(inherited) @executable_path/Frameworks";
				PRODUCT_BUNDLE_IDENTIFIER = com.calyrsoftware.coursera2.ListasVideo;
				PRODUCT_NAME = "$(TARGET_NAME)";
			};
			name = Debug;
		};
		33D75ED61D580B4500671D05 /* Release */ = {
			isa = XCBuildConfiguration;
			buildSettings = {
				ASSETCATALOG_COMPILER_APPICON_NAME = AppIcon;
				INFOPLIST_FILE = ListasVideo/Info.plist;
				LD_RUNPATH_SEARCH_PATHS = "$(inherited) @executable_path/Frameworks";
				PRODUCT_BUNDLE_IDENTIFIER = com.calyrsoftware.coursera2.ListasVideo;
				PRODUCT_NAME = "$(TARGET_NAME)";
			};
			name = Release;
		};
/* End XCBuildConfiguration section */

/* Begin XCConfigurationList section */
		33D75EBD1D580B4500671D05 /* Build configuration list for PBXProject "ListasVideo" */ = {
			isa = XCConfigurationList;
			buildConfigurations = (
				33D75ED21D580B4500671D05 /* Debug */,
				33D75ED31D580B4500671D05 /* Release */,
			);
			defaultConfigurationIsVisible = 0;
			defaultConfigurationName = Release;
		};
		33D75ED41D580B4500671D05 /* Build configuration list for PBXNativeTarget "ListasVideo" */ = {
			isa = XCConfigurationList;
			buildConfigurations = (
				33D75ED51D580B4500671D05 /* Debug */,
				33D75ED61D580B4500671D05 /* Release */,
			);
			defaultConfigurationIsVisible = 0;
			defaultConfigurationName = Release;
		};
/* End XCConfigurationList section */
	};
	rootObject = 33D75EBA1D580B4500671D05 /* Project object */;
}
